// !$*UTF8*$!
{
	archiveVersion = 1;
	classes = {
	};
	objectVersion = 55;
	objects = {

/* Begin PBXBuildFile section */
		5719DEAF28A81B05004A92CD /* ShapesView.swift in Sources */ = {isa = PBXBuildFile; fileRef = 5719DEAE28A81B05004A92CD /* ShapesView.swift */; };
		5719DEB128A81B2B004A92CD /* Arc.swift in Sources */ = {isa = PBXBuildFile; fileRef = 5719DEB028A81B2B004A92CD /* Arc.swift */; };
		5719DEB328A81B58004A92CD /* FlowerView.swift in Sources */ = {isa = PBXBuildFile; fileRef = 5719DEB228A81B58004A92CD /* FlowerView.swift */; };
		5719DEB528A81BCD004A92CD /* ImagePaintView.swift in Sources */ = {isa = PBXBuildFile; fileRef = 5719DEB428A81BCD004A92CD /* ImagePaintView.swift */; };
		5719DEB928A81CC0004A92CD /* ColorCyclingCircleView.swift in Sources */ = {isa = PBXBuildFile; fileRef = 5719DEB828A81CC0004A92CD /* ColorCyclingCircleView.swift */; };
		5719DEBB28A81D06004A92CD /* BlendModesView.swift in Sources */ = {isa = PBXBuildFile; fileRef = 5719DEBA28A81D06004A92CD /* BlendModesView.swift */; };
		5719DEBD28A81D92004A92CD /* TrapezoidView.swift in Sources */ = {isa = PBXBuildFile; fileRef = 5719DEBC28A81D92004A92CD /* TrapezoidView.swift */; };
		5719DEBF28A8219A004A92CD /* CheckerboardView.swift in Sources */ = {isa = PBXBuildFile; fileRef = 5719DEBE28A8219A004A92CD /* CheckerboardView.swift */; };
		57230E2028A97C81005346E7 /* SpirographView.swift in Sources */ = {isa = PBXBuildFile; fileRef = 57230E1F28A97C81005346E7 /* SpirographView.swift */; };
		57E920A328A7C45400A3537E /* DrawingApp.swift in Sources */ = {isa = PBXBuildFile; fileRef = 57E920A228A7C45400A3537E /* DrawingApp.swift */; };
		57E920A528A7C45400A3537E /* ContentView.swift in Sources */ = {isa = PBXBuildFile; fileRef = 57E920A428A7C45400A3537E /* ContentView.swift */; };
		57E920A728A7C45400A3537E /* Assets.xcassets in Resources */ = {isa = PBXBuildFile; fileRef = 57E920A628A7C45400A3537E /* Assets.xcassets */; };
		57E920AA28A7C45400A3537E /* Preview Assets.xcassets in Resources */ = {isa = PBXBuildFile; fileRef = 57E920A928A7C45400A3537E /* Preview Assets.xcassets */; };
/* End PBXBuildFile section */

/* Begin PBXFileReference section */
		5719DEAE28A81B05004A92CD /* ShapesView.swift */ = {isa = PBXFileReference; lastKnownFileType = sourcecode.swift; path = ShapesView.swift; sourceTree = "<group>"; };
		5719DEB028A81B2B004A92CD /* Arc.swift */ = {isa = PBXFileReference; lastKnownFileType = sourcecode.swift; path = Arc.swift; sourceTree = "<group>"; };
		5719DEB228A81B58004A92CD /* FlowerView.swift */ = {isa = PBXFileReference; lastKnownFileType = sourcecode.swift; path = FlowerView.swift; sourceTree = "<group>"; };
		5719DEB428A81BCD004A92CD /* ImagePaintView.swift */ = {isa = PBXFileReference; lastKnownFileType = sourcecode.swift; path = ImagePaintView.swift; sourceTree = "<group>"; };
		5719DEB828A81CC0004A92CD /* ColorCyclingCircleView.swift */ = {isa = PBXFileReference; lastKnownFileType = sourcecode.swift; path = ColorCyclingCircleView.swift; sourceTree = "<group>"; };
		5719DEBA28A81D06004A92CD /* BlendModesView.swift */ = {isa = PBXFileReference; lastKnownFileType = sourcecode.swift; path = BlendModesView.swift; sourceTree = "<group>"; };
		5719DEBC28A81D92004A92CD /* TrapezoidView.swift */ = {isa = PBXFileReference; lastKnownFileType = sourcecode.swift; path = TrapezoidView.swift; sourceTree = "<group>"; };
		5719DEBE28A8219A004A92CD /* CheckerboardView.swift */ = {isa = PBXFileReference; lastKnownFileType = sourcecode.swift; path = CheckerboardView.swift; sourceTree = "<group>"; };
		57230E1F28A97C81005346E7 /* SpirographView.swift */ = {isa = PBXFileReference; lastKnownFileType = sourcecode.swift; path = SpirographView.swift; sourceTree = "<group>"; };
		57E9209F28A7C45400A3537E /* Drawing.app */ = {isa = PBXFileReference; explicitFileType = wrapper.application; includeInIndex = 0; path = Drawing.app; sourceTree = BUILT_PRODUCTS_DIR; };
		57E920A228A7C45400A3537E /* DrawingApp.swift */ = {isa = PBXFileReference; lastKnownFileType = sourcecode.swift; path = DrawingApp.swift; sourceTree = "<group>"; };
		57E920A428A7C45400A3537E /* ContentView.swift */ = {isa = PBXFileReference; lastKnownFileType = sourcecode.swift; path = ContentView.swift; sourceTree = "<group>"; };
		57E920A628A7C45400A3537E /* Assets.xcassets */ = {isa = PBXFileReference; lastKnownFileType = folder.assetcatalog; path = Assets.xcassets; sourceTree = "<group>"; };
		57E920A928A7C45400A3537E /* Preview Assets.xcassets */ = {isa = PBXFileReference; lastKnownFileType = folder.assetcatalog; path = "Preview Assets.xcassets"; sourceTree = "<group>"; };
/* End PBXFileReference section */

/* Begin PBXFrameworksBuildPhase section */
		57E9209C28A7C45400A3537E /* Frameworks */ = {
			isa = PBXFrameworksBuildPhase;
			buildActionMask = 2147483647;
			files = (
			);
			runOnlyForDeploymentPostprocessing = 0;
		};
/* End PBXFrameworksBuildPhase section */

/* Begin PBXGroup section */
		57E9209628A7C45300A3537E = {
			isa = PBXGroup;
			children = (
				57E920A128A7C45400A3537E /* Drawing */,
				57E920A028A7C45400A3537E /* Products */,
			);
			sourceTree = "<group>";
		};
		57E920A028A7C45400A3537E /* Products */ = {
			isa = PBXGroup;
			children = (
				57E9209F28A7C45400A3537E /* Drawing.app */,
			);
			name = Products;
			sourceTree = "<group>";
		};
		57E920A128A7C45400A3537E /* Drawing */ = {
			isa = PBXGroup;
			children = (
				57E920A228A7C45400A3537E /* DrawingApp.swift */,
				57E920A428A7C45400A3537E /* ContentView.swift */,
				5719DEAE28A81B05004A92CD /* ShapesView.swift */,
				5719DEB028A81B2B004A92CD /* Arc.swift */,
				5719DEB228A81B58004A92CD /* FlowerView.swift */,
				5719DEB428A81BCD004A92CD /* ImagePaintView.swift */,
				5719DEB828A81CC0004A92CD /* ColorCyclingCircleView.swift */,
				5719DEBA28A81D06004A92CD /* BlendModesView.swift */,
				5719DEBC28A81D92004A92CD /* TrapezoidView.swift */,
				5719DEBE28A8219A004A92CD /* CheckerboardView.swift */,
				57230E1F28A97C81005346E7 /* SpirographView.swift */,
				57E920A628A7C45400A3537E /* Assets.xcassets */,
				57E920A828A7C45400A3537E /* Preview Content */,
			);
			path = Drawing;
			sourceTree = "<group>";
		};
		57E920A828A7C45400A3537E /* Preview Content */ = {
			isa = PBXGroup;
			children = (
				57E920A928A7C45400A3537E /* Preview Assets.xcassets */,
			);
			path = "Preview Content";
			sourceTree = "<group>";
		};
/* End PBXGroup section */

/* Begin PBXNativeTarget section */
		57E9209E28A7C45400A3537E /* Drawing */ = {
			isa = PBXNativeTarget;
			buildConfigurationList = 57E920AD28A7C45400A3537E /* Build configuration list for PBXNativeTarget "Drawing" */;
			buildPhases = (
				57E9209B28A7C45400A3537E /* Sources */,
				57E9209C28A7C45400A3537E /* Frameworks */,
				57E9209D28A7C45400A3537E /* Resources */,
			);
			buildRules = (
			);
			dependencies = (
			);
			name = Drawing;
			productName = Drawing;
			productReference = 57E9209F28A7C45400A3537E /* Drawing.app */;
			productType = "com.apple.product-type.application";
		};
/* End PBXNativeTarget section */

/* Begin PBXProject section */
		57E9209728A7C45300A3537E /* Project object */ = {
			isa = PBXProject;
			attributes = {
				BuildIndependentTargetsInParallel = 1;
				LastSwiftUpdateCheck = 1340;
				LastUpgradeCheck = 1340;
				TargetAttributes = {
					57E9209E28A7C45400A3537E = {
						CreatedOnToolsVersion = 13.4.1;
					};
				};
			};
			buildConfigurationList = 57E9209A28A7C45300A3537E /* Build configuration list for PBXProject "Drawing" */;
			compatibilityVersion = "Xcode 13.0";
			developmentRegion = en;
			hasScannedForEncodings = 0;
			knownRegions = (
				en,
				Base,
			);
			mainGroup = 57E9209628A7C45300A3537E;
			productRefGroup = 57E920A028A7C45400A3537E /* Products */;
			projectDirPath = "";
			projectRoot = "";
			targets = (
				57E9209E28A7C45400A3537E /* Drawing */,
			);
		};
/* End PBXProject section */

/* Begin PBXResourcesBuildPhase section */
		57E9209D28A7C45400A3537E /* Resources */ = {
			isa = PBXResourcesBuildPhase;
			buildActionMask = 2147483647;
			files = (
				57E920AA28A7C45400A3537E /* Preview Assets.xcassets in Resources */,
				57E920A728A7C45400A3537E /* Assets.xcassets in Resources */,
			);
			runOnlyForDeploymentPostprocessing = 0;
		};
/* End PBXResourcesBuildPhase section */

/* Begin PBXSourcesBuildPhase section */
		57E9209B28A7C45400A3537E /* Sources */ = {
			isa = PBXSourcesBuildPhase;
			buildActionMask = 2147483647;
			files = (
				5719DEB528A81BCD004A92CD /* ImagePaintView.swift in Sources */,
				5719DEAF28A81B05004A92CD /* ShapesView.swift in Sources */,
				5719DEBF28A8219A004A92CD /* CheckerboardView.swift in Sources */,
				5719DEB928A81CC0004A92CD /* ColorCyclingCircleView.swift in Sources */,
				5719DEBD28A81D92004A92CD /* TrapezoidView.swift in Sources */,
				57E920A528A7C45400A3537E /* ContentView.swift in Sources */,
				5719DEB328A81B58004A92CD /* FlowerView.swift in Sources */,
				57230E2028A97C81005346E7 /* SpirographView.swift in Sources */,
				5719DEB128A81B2B004A92CD /* Arc.swift in Sources */,
				57E920A328A7C45400A3537E /* DrawingApp.swift in Sources */,
				5719DEBB28A81D06004A92CD /* BlendModesView.swift in Sources */,
			);
			runOnlyForDeploymentPostprocessing = 0;
		};
/* End PBXSourcesBuildPhase section */

/* Begin XCBuildConfiguration section */
		57E920AB28A7C45400A3537E /* Debug */ = {
			isa = XCBuildConfiguration;
			buildSettings = {
				ALWAYS_SEARCH_USER_PATHS = NO;
				CLANG_ANALYZER_NONNULL = YES;
				CLANG_ANALYZER_NUMBER_OBJECT_CONVERSION = YES_AGGRESSIVE;
				CLANG_CXX_LANGUAGE_STANDARD = "gnu++17";
				CLANG_ENABLE_MODULES = YES;
				CLANG_ENABLE_OBJC_ARC = YES;
				CLANG_ENABLE_OBJC_WEAK = YES;
				CLANG_WARN_BLOCK_CAPTURE_AUTORELEASING = YES;
				CLANG_WARN_BOOL_CONVERSION = YES;
				CLANG_WARN_COMMA = YES;
				CLANG_WARN_CONSTANT_CONVERSION = YES;
				CLANG_WARN_DEPRECATED_OBJC_IMPLEMENTATIONS = YES;
				CLANG_WARN_DIRECT_OBJC_ISA_USAGE = YES_ERROR;
				CLANG_WARN_DOCUMENTATION_COMMENTS = YES;
				CLANG_WARN_EMPTY_BODY = YES;
				CLANG_WARN_ENUM_CONVERSION = YES;
				CLANG_WARN_INFINITE_RECURSION = YES;
				CLANG_WARN_INT_CONVERSION = YES;
				CLANG_WARN_NON_LITERAL_NULL_CONVERSION = YES;
				CLANG_WARN_OBJC_IMPLICIT_RETAIN_SELF = YES;
				CLANG_WARN_OBJC_LITERAL_CONVERSION = YES;
				CLANG_WARN_OBJC_ROOT_CLASS = YES_ERROR;
				CLANG_WARN_QUOTED_INCLUDE_IN_FRAMEWORK_HEADER = YES;
				CLANG_WARN_RANGE_LOOP_ANALYSIS = YES;
				CLANG_WARN_STRICT_PROTOTYPES = YES;
				CLANG_WARN_SUSPICIOUS_MOVE = YES;
				CLANG_WARN_UNGUARDED_AVAILABILITY = YES_AGGRESSIVE;
				CLANG_WARN_UNREACHABLE_CODE = YES;
				CLANG_WARN__DUPLICATE_METHOD_MATCH = YES;
				COPY_PHASE_STRIP = NO;
				DEBUG_INFORMATION_FORMAT = dwarf;
				ENABLE_STRICT_OBJC_MSGSEND = YES;
				ENABLE_TESTABILITY = YES;
				GCC_C_LANGUAGE_STANDARD = gnu11;
				GCC_DYNAMIC_NO_PIC = NO;
				GCC_NO_COMMON_BLOCKS = YES;
				GCC_OPTIMIZATION_LEVEL = 0;
				GCC_PREPROCESSOR_DEFINITIONS = (
					"DEBUG=1",
					"$(inherited)",
				);
				GCC_WARN_64_TO_32_BIT_CONVERSION = YES;
				GCC_WARN_ABOUT_RETURN_TYPE = YES_ERROR;
				GCC_WARN_UNDECLARED_SELECTOR = YES;
				GCC_WARN_UNINITIALIZED_AUTOS = YES_AGGRESSIVE;
				GCC_WARN_UNUSED_FUNCTION = YES;
				GCC_WARN_UNUSED_VARIABLE = YES;
				IPHONEOS_DEPLOYMENT_TARGET = 15.0;
				MTL_ENABLE_DEBUG_INFO = INCLUDE_SOURCE;
				MTL_FAST_MATH = YES;
				ONLY_ACTIVE_ARCH = YES;
				SDKROOT = iphoneos;
				SWIFT_ACTIVE_COMPILATION_CONDITIONS = DEBUG;
				SWIFT_OPTIMIZATION_LEVEL = "-Onone";
			};
			name = Debug;
		};
		57E920AC28A7C45400A3537E /* Release */ = {
			isa = XCBuildConfiguration;
			buildSettings = {
				ALWAYS_SEARCH_USER_PATHS = NO;
				CLANG_ANALYZER_NONNULL = YES;
				CLANG_ANALYZER_NUMBER_OBJECT_CONVERSION = YES_AGGRESSIVE;
				CLANG_CXX_LANGUAGE_STANDARD = "gnu++17";
				CLANG_ENABLE_MODULES = YES;
				CLANG_ENABLE_OBJC_ARC = YES;
				CLANG_ENABLE_OBJC_WEAK = YES;
				CLANG_WARN_BLOCK_CAPTURE_AUTORELEASING = YES;
				CLANG_WARN_BOOL_CONVERSION = YES;
				CLANG_WARN_COMMA = YES;
				CLANG_WARN_CONSTANT_CONVERSION = YES;
				CLANG_WARN_DEPRECATED_OBJC_IMPLEMENTATIONS = YES;
				CLANG_WARN_DIRECT_OBJC_ISA_USAGE = YES_ERROR;
				CLANG_WARN_DOCUMENTATION_COMMENTS = YES;
				CLANG_WARN_EMPTY_BODY = YES;
				CLANG_WARN_ENUM_CONVERSION = YES;
				CLANG_WARN_INFINITE_RECURSION = YES;
				CLANG_WARN_INT_CONVERSION = YES;
				CLANG_WARN_NON_LITERAL_NULL_CONVERSION = YES;
				CLANG_WARN_OBJC_IMPLICIT_RETAIN_SELF = YES;
				CLANG_WARN_OBJC_LITERAL_CONVERSION = YES;
				CLANG_WARN_OBJC_ROOT_CLASS = YES_ERROR;
				CLANG_WARN_QUOTED_INCLUDE_IN_FRAMEWORK_HEADER = YES;
				CLANG_WARN_RANGE_LOOP_ANALYSIS = YES;
				CLANG_WARN_STRICT_PROTOTYPES = YES;
				CLANG_WARN_SUSPICIOUS_MOVE = YES;
				CLANG_WARN_UNGUARDED_AVAILABILITY = YES_AGGRESSIVE;
				CLANG_WARN_UNREACHABLE_CODE = YES;
				CLANG_WARN__DUPLICATE_METHOD_MATCH = YES;
				COPY_PHASE_STRIP = NO;
				DEBUG_INFORMATION_FORMAT = "dwarf-with-dsym";
				ENABLE_NS_ASSERTIONS = NO;
				ENABLE_STRICT_OBJC_MSGSEND = YES;
				GCC_C_LANGUAGE_STANDARD = gnu11;
				GCC_NO_COMMON_BLOCKS = YES;
				GCC_WARN_64_TO_32_BIT_CONVERSION = YES;
				GCC_WARN_ABOUT_RETURN_TYPE = YES_ERROR;
				GCC_WARN_UNDECLARED_SELECTOR = YES;
				GCC_WARN_UNINITIALIZED_AUTOS = YES_AGGRESSIVE;
				GCC_WARN_UNUSED_FUNCTION = YES;
				GCC_WARN_UNUSED_VARIABLE = YES;
				IPHONEOS_DEPLOYMENT_TARGET = 15.0;
				MTL_ENABLE_DEBUG_INFO = NO;
				MTL_FAST_MATH = YES;
				SDKROOT = iphoneos;
				SWIFT_COMPILATION_MODE = wholemodule;
				SWIFT_OPTIMIZATION_LEVEL = "-O";
				VALIDATE_PRODUCT = YES;
			};
			name = Release;
		};
		57E920AE28A7C45400A3537E /* Debug */ = {
			isa = XCBuildConfiguration;
			buildSettings = {
				ASSETCATALOG_COMPILER_APPICON_NAME = AppIcon;
				ASSETCATALOG_COMPILER_GLOBAL_ACCENT_COLOR_NAME = AccentColor;
				CODE_SIGN_STYLE = Automatic;
				CURRENT_PROJECT_VERSION = 1;
				DEVELOPMENT_ASSET_PATHS = "\"Drawing/Preview Content\"";
				DEVELOPMENT_TEAM = 2UZBQ4Q9LW;
				ENABLE_PREVIEWS = YES;
				GENERATE_INFOPLIST_FILE = YES;
				INFOPLIST_KEY_UIApplicationSceneManifest_Generation = YES;
				INFOPLIST_KEY_UIApplicationSupportsIndirectInputEvents = YES;
				INFOPLIST_KEY_UILaunchScreen_Generation = YES;
				INFOPLIST_KEY_UISupportedInterfaceOrientations_iPad = "UIInterfaceOrientationPortrait UIInterfaceOrientationPortraitUpsideDown UIInterfaceOrientationLandscapeLeft UIInterfaceOrientationLandscapeRight";
				INFOPLIST_KEY_UISupportedInterfaceOrientations_iPhone = "UIInterfaceOrientationPortrait UIInterfaceOrientationLandscapeLeft UIInterfaceOrientationLandscapeRight";
				LD_RUNPATH_SEARCH_PATHS = (
					"$(inherited)",
					"@executable_path/Frameworks",
				);
				MARKETING_VERSION = 1.0;
				PRODUCT_BUNDLE_IDENTIFIER = me.aleos.Drawing;
				PRODUCT_NAME = "$(TARGET_NAME)";
				SWIFT_EMIT_LOC_STRINGS = YES;
				SWIFT_VERSION = 5.0;
				TARGETED_DEVICE_FAMILY = 1;
			};
			name = Debug;
		};
		57E920AF28A7C45400A3537E /* Release */ = {
			isa = XCBuildConfiguration;
			buildSettings = {
				ASSETCATALOG_COMPILER_APPICON_NAME = AppIcon;
				ASSETCATALOG_COMPILER_GLOBAL_ACCENT_COLOR_NAME = AccentColor;
				CODE_SIGN_STYLE = Automatic;
				CURRENT_PROJECT_VERSION = 1;
				DEVELOPMENT_ASSET_PATHS = "\"Drawing/Preview Content\"";
				DEVELOPMENT_TEAM = 2UZBQ4Q9LW;
				ENABLE_PREVIEWS = YES;
				GENERATE_INFOPLIST_FILE = YES;
				INFOPLIST_KEY_UIApplicationSceneManifest_Generation = YES;
				INFOPLIST_KEY_UIApplicationSupportsIndirectInputEvents = YES;
				INFOPLIST_KEY_UILaunchScreen_Generation = YES;
				INFOPLIST_KEY_UISupportedInterfaceOrientations_iPad = "UIInterfaceOrientationPortrait UIInterfaceOrientationPortraitUpsideDown UIInterfaceOrientationLandscapeLeft UIInterfaceOrientationLandscapeRight";
				INFOPLIST_KEY_UISupportedInterfaceOrientations_iPhone = "UIInterfaceOrientationPortrait UIInterfaceOrientationLandscapeLeft UIInterfaceOrientationLandscapeRight";
				LD_RUNPATH_SEARCH_PATHS = (
					"$(inherited)",
					"@executable_path/Frameworks",
				);
				MARKETING_VERSION = 1.0;
				PRODUCT_BUNDLE_IDENTIFIER = me.aleos.Drawing;
				PRODUCT_NAME = "$(TARGET_NAME)";
				SWIFT_EMIT_LOC_STRINGS = YES;
				SWIFT_VERSION = 5.0;
				TARGETED_DEVICE_FAMILY = 1;
			};
			name = Release;
		};
/* End XCBuildConfiguration section */

/* Begin XCConfigurationList section */
		57E9209A28A7C45300A3537E /* Build configuration list for PBXProject "Drawing" */ = {
			isa = XCConfigurationList;
			buildConfigurations = (
				57E920AB28A7C45400A3537E /* Debug */,
				57E920AC28A7C45400A3537E /* Release */,
			);
			defaultConfigurationIsVisible = 0;
			defaultConfigurationName = Release;
		};
		57E920AD28A7C45400A3537E /* Build configuration list for PBXNativeTarget "Drawing" */ = {
			isa = XCConfigurationList;
			buildConfigurations = (
				57E920AE28A7C45400A3537E /* Debug */,
				57E920AF28A7C45400A3537E /* Release */,
			);
			defaultConfigurationIsVisible = 0;
			defaultConfigurationName = Release;
		};
/* End XCConfigurationList section */
	};
	rootObject = 57E9209728A7C45300A3537E /* Project object */;
}
